
Microsoft Visual Studio Solution File, Format Version 12.00
# Visual Studio Version 16
VisualStudioVersion = 16.0.30002.166
MinimumVisualStudioVersion = 10.0.40219.1
Project("{9A19103F-16F7-4668-BE54-9A1E7A4F7556}") = "MvcSchool.Web", "Web\MvcSchool.Web\MvcSchool.Web.csproj", "{18C71862-F697-4FAB-B7B0-B25A930A9AF8}"
EndProject
Project("{9A19103F-16F7-4668-BE54-9A1E7A4F7556}") = "MvcSchool.Data.Models", "Data\MvcSchool.Data.Models\MvcSchool.Data.Models.csproj", "{12D92547-1666-4379-A69F-A8BDD2332503}"
EndProject
Project("{9A19103F-16F7-4668-BE54-9A1E7A4F7556}") = "MvcSchool.Data", "Data\MvcSchool.Data\MvcSchool.Data.csproj", "{519B2DFB-DAD1-4994-A1CB-DCEC8134C650}"
EndProject
Project("{9A19103F-16F7-4668-BE54-9A1E7A4F7556}") = "MvcSchool.Console", "MvcSchool.Console\MvcSchool.Console.csproj", "{F7DAB8D0-1131-48DA-A7CC-8551B6398797}"
EndProject
Project("{2150E333-8FDC-42A3-9474-1A3956D46DE8}") = "Data", "Data", "{A077B9D6-A0BB-40FB-B084-2C9B827229E5}"
EndProject
Project("{2150E333-8FDC-42A3-9474-1A3956D46DE8}") = "Services", "Services", "{5C6425A8-88A5-4DCD-B881-E89C8FB4EDEB}"
EndProject
Project("{9A19103F-16F7-4668-BE54-9A1E7A4F7556}") = "MvcSchool.Services", "Services\MvcSchool.Services\MvcSchool.Services.csproj", "{049FC1E9-2413-4171-9202-B28EC83155EB}"
EndProject
Project("{9A19103F-16F7-4668-BE54-9A1E7A4F7556}") = "MvcSchool.Services.Models", "Services\MvcSchool.Services.Models\MvcSchool.Services.Models.csproj", "{60976AAA-BA4A-4C61-80B8-ACA7A333FD57}"
EndProject
Project("{FAE04EC0-301F-11D3-BF4B-00C04F79EFBC}") = "Demos", "Demos\Demos.csproj", "{C2C326E0-533C-4BBB-A3C8-71631D83348C}"
EndProject
Global
	GlobalSection(SolutionConfigurationPlatforms) = preSolution
		Debug|Any CPU = Debug|Any CPU
		Release|Any CPU = Release|Any CPU
	EndGlobalSection
	GlobalSection(ProjectConfigurationPlatforms) = postSolution
		{18C71862-F697-4FAB-B7B0-B25A930A9AF8}.Debug|Any CPU.ActiveCfg = Debug|Any CPU
		{18C71862-F697-4FAB-B7B0-B25A930A9AF8}.Debug|Any CPU.Build.0 = Debug|Any CPU
		{18C71862-F697-4FAB-B7B0-B25A930A9AF8}.Release|Any CPU.ActiveCfg = Release|Any CPU
		{18C71862-F697-4FAB-B7B0-B25A930A9AF8}.Release|Any CPU.Build.0 = Release|Any CPU
		{12D92547-1666-4379-A69F-A8BDD2332503}.Debug|Any CPU.ActiveCfg = Debug|Any CPU
		{12D92547-1666-4379-A69F-A8BDD2332503}.Debug|Any CPU.Build.0 = Debug|Any CPU
		{12D92547-1666-4379-A69F-A8BDD2332503}.Release|Any CPU.ActiveCfg = Release|Any CPU
		{12D92547-1666-4379-A69F-A8BDD2332503}.Release|Any CPU.Build.0 = Release|Any CPU
		{519B2DFB-DAD1-4994-A1CB-DCEC8134C650}.Debug|Any CPU.ActiveCfg = Debug|Any CPU
		{519B2DFB-DAD1-4994-A1CB-DCEC8134C650}.Debug|Any CPU.Build.0 = Debug|Any CPU
		{519B2DFB-DAD1-4994-A1CB-DCEC8134C650}.Release|Any CPU.ActiveCfg = Release|Any CPU
		{519B2DFB-DAD1-4994-A1CB-DCEC8134C650}.Release|Any CPU.Build.0 = Release|Any CPU
		{F7DAB8D0-1131-48DA-A7CC-8551B6398797}.Debug|Any CPU.ActiveCfg = Debug|Any CPU
		{F7DAB8D0-1131-48DA-A7CC-8551B6398797}.Debug|Any CPU.Build.0 = Debug|Any CPU
		{F7DAB8D0-1131-48DA-A7CC-8551B6398797}.Release|Any CPU.ActiveCfg = Release|Any CPU
		{F7DAB8D0-1131-48DA-A7CC-8551B6398797}.Release|Any CPU.Build.0 = Release|Any CPU
		{049FC1E9-2413-4171-9202-B28EC83155EB}.Debug|Any CPU.ActiveCfg = Debug|Any CPU
		{049FC1E9-2413-4171-9202-B28EC83155EB}.Debug|Any CPU.Build.0 = Debug|Any CPU
		{049FC1E9-2413-4171-9202-B28EC83155EB}.Release|Any CPU.ActiveCfg = Release|Any CPU
		{049FC1E9-2413-4171-9202-B28EC83155EB}.Release|Any CPU.Build.0 = Release|Any CPU
		{60976AAA-BA4A-4C61-80B8-ACA7A333FD57}.Debug|Any CPU.ActiveCfg = Debug|Any CPU
		{60976AAA-BA4A-4C61-80B8-ACA7A333FD57}.Debug|Any CPU.Build.0 = Debug|Any CPU
		{60976AAA-BA4A-4C61-80B8-ACA7A333FD57}.Release|Any CPU.ActiveCfg = Release|Any CPU
		{60976AAA-BA4A-4C61-80B8-ACA7A333FD57}.Release|Any CPU.Build.0 = Release|Any CPU
		{C2C326E0-533C-4BBB-A3C8-71631D83348C}.Debug|Any CPU.ActiveCfg = Debug|Any CPU
		{C2C326E0-533C-4BBB-A3C8-71631D83348C}.Debug|Any CPU.Build.0 = Debug|Any CPU
		{C2C326E0-533C-4BBB-A3C8-71631D83348C}.Release|Any CPU.ActiveCfg = Release|Any CPU
		{C2C326E0-533C-4BBB-A3C8-71631D83348C}.Release|Any CPU.Build.0 = Release|Any CPU
	EndGlobalSection
	GlobalSection(SolutionProperties) = preSolution
		HideSolutionNode = FALSE
	EndGlobalSection
	GlobalSection(NestedProjects) = preSolution
		{12D92547-1666-4379-A69F-A8BDD2332503} = {A077B9D6-A0BB-40FB-B084-2C9B827229E5}
		{519B2DFB-DAD1-4994-A1CB-DCEC8134C650} = {A077B9D6-A0BB-40FB-B084-2C9B827229E5}
		{049FC1E9-2413-4171-9202-B28EC83155EB} = {5C6425A8-88A5-4DCD-B881-E89C8FB4EDEB}
		{60976AAA-BA4A-4C61-80B8-ACA7A333FD57} = {5C6425A8-88A5-4DCD-B881-E89C8FB4EDEB}
	EndGlobalSection
	GlobalSection(ExtensibilityGlobals) = postSolution
		SolutionGuid = {73673CB9-C122-44E0-8588-512477AF8B62}
	EndGlobalSection
EndGlobal
